hash: eadbb4139b0f7ed13492e7071071f0d918dbb75f9e0078c36569a1838a27a7ce
updated: 2017-03-17T14:46:42.034385318-07:00
imports:
- name: github.com/aws/aws-sdk-go
  version: f70a8a7d8680992d62277dc6bd76e32a08152ac1
  subpackages:
  - aws
  - aws/awserr
  - aws/awsutil
  - aws/client
  - aws/client/metadata
  - aws/corehandlers
  - aws/credentials
  - aws/credentials/ec2rolecreds
  - aws/credentials/endpointcreds
  - aws/credentials/stscreds
  - aws/defaults
  - aws/ec2metadata
  - aws/endpoints
  - aws/request
  - aws/session
  - aws/signer/v4
  - private/protocol
  - private/protocol/json/jsonutil
  - private/protocol/jsonrpc
  - private/protocol/query
  - private/protocol/query/queryutil
  - private/protocol/rest
  - private/protocol/xml/xmlutil
  - service/firehose
  - service/firehose/firehoseiface
  - service/sts
- name: github.com/Clever/amazon-kinesis-client-go
  version: 47eec92a1aa3780e0098d9d9f3e5ca31bac350e1
  subpackages:
  - kcl
- name: github.com/Clever/heka-clever-plugins
  version: a6c5c23afaca604477ea2a6fc609f1882eae5568
  subpackages:
  - aws
  - batcher
- name: github.com/go-ini/ini
  version: 6e4869b434bd001f6983749881c7ead3545887d8
- name: github.com/golang/mock
  version: bd3c8e81be01eef76d4b503f5e687d2d1354d2d9
  subpackages:
  - gomock
- name: github.com/jmespath/go-jmespath
  version: bd40a432e4c76585ef6b72d3fd96fb9b6dc7b68d
- name: gopkg.in/Clever/kayvee-go.v3
  version: 056c92dcc68b40c5d6045f755197b3776f914154
  subpackages:
  - logger
testImports: []
