hash: bc5a8d1d695541cd16cb222470300569660f4d5d7b942e7742afb4386592e044
updated: 2017-07-11T14:13:07.006405285-07:00
imports:
- name: github.com/aws/aws-sdk-go
  version: ae53883b2478fd8e2bdca2748367d5b5fa27ca22
  subpackages:
  - aws
  - aws/awserr
  - aws/awsutil
  - aws/client
  - aws/client/metadata
  - aws/corehandlers
  - aws/credentials
  - aws/credentials/ec2rolecreds
  - aws/credentials/endpointcreds
  - aws/credentials/stscreds
  - aws/defaults
  - aws/ec2metadata
  - aws/endpoints
  - aws/request
  - aws/session
  - aws/signer/v4
  - internal/shareddefaults
  - private/protocol
  - private/protocol/json/jsonutil
  - private/protocol/jsonrpc
  - private/protocol/query
  - private/protocol/query/queryutil
  - private/protocol/rest
  - private/protocol/xml/xmlutil
  - service/firehose
  - service/firehose/firehoseiface
  - service/sts
- name: github.com/Clever/amazon-kinesis-client-go
  version: aef51b080132e3d935ef03ed168911cd75f21994
  subpackages:
  - kcl
- name: github.com/Clever/syslogparser
  version: 93ab95f7ff16c9ef1f2d09bc37c0a0c31bad98ea
  subpackages:
  - rfc3164
- name: github.com/go-ini/ini
  version: 3d73f4b845efdf9989fffd4b4e562727744a34ba
- name: github.com/golang/mock
  version: 93f6609a15b7de76bd49259f1f9a6b58df358936
  subpackages:
  - gomock
- name: github.com/jeromer/syslogparser
  version: 0e4ae46ea3f08de351074b643d649d5d00661a3c
- name: github.com/jmespath/go-jmespath
  version: bd40a432e4c76585ef6b72d3fd96fb9b6dc7b68d
- name: golang.org/x/net
  version: f01ecb60fe3835d80d9a0b7b2bf24b228c89260e
  subpackages:
  - context
- name: golang.org/x/time
  version: 8be79e1e0910c292df4e79c241bb7e8f7e725959
  subpackages:
  - rate
testImports:
- name: github.com/davecgh/go-spew
  version: 9fadf46324c4cfc36cc82310ca92ded38af91249
  subpackages:
  - spew
- name: github.com/pmezard/go-difflib
  version: 792786c7400a136282c1664665ae0a8db921c6c2
  subpackages:
  - difflib
- name: github.com/stretchr/testify
  version: f6abca593680b2315d2075e0f5e2a9751e3f431a
  subpackages:
  - assert
