# This file is autogenerated, do not edit; changes may be undone by the next 'dep ensure'.


[[projects]]
  branch = "master"
  name = "github.com/Clever/amazon-kinesis-client-go"
  packages = [
    "batchconsumer",
    "batchconsumer/stats",
    "decode",
    "kcl",
    "splitter"
  ]
  revision = "ebbd9e7a377eba17f085187f0f708ecb9b7a17de"

[[projects]]
  branch = "master"
  name = "github.com/Clever/syslogparser"
  packages = ["rfc3164"]
  revision = "fb28ad3e4340c046323b7beba685a72fd12ecbe8"

[[projects]]
  name = "github.com/aws/aws-sdk-go"
  packages = [
    "aws",
    "aws/awserr",
    "aws/awsutil",
    "aws/client",
    "aws/client/metadata",
    "aws/corehandlers",
    "aws/credentials",
    "aws/credentials/ec2rolecreds",
    "aws/credentials/endpointcreds",
    "aws/credentials/stscreds",
    "aws/defaults",
    "aws/ec2metadata",
    "aws/endpoints",
    "aws/request",
    "aws/session",
    "aws/signer/v4",
    "internal/sdkio",
    "internal/sdkrand",
    "internal/shareddefaults",
    "private/protocol",
    "private/protocol/json/jsonutil",
    "private/protocol/jsonrpc",
    "private/protocol/query",
    "private/protocol/query/queryutil",
    "private/protocol/rest",
    "private/protocol/xml/xmlutil",
    "service/firehose",
    "service/firehose/firehoseiface",
    "service/sts"
  ]
  revision = "31a85efbe3bc741eb539d6310c8e66030b7c5cb7"
  version = "v1.13.47"

[[projects]]
  name = "github.com/davecgh/go-spew"
  packages = ["spew"]
  revision = "346938d642f2ec3594ed81d874461961cd0faa76"
  version = "v1.1.0"

[[projects]]
  name = "github.com/go-ini/ini"
  packages = ["."]
  revision = "6529cf7c58879c08d927016dde4477f18a0634cb"
  version = "v1.36.0"

[[projects]]
  branch = "master"
  name = "github.com/golang/mock"
  packages = [
    "gomock",
    "mockgen",
    "mockgen/model"
  ]
  revision = "22bbf0ddf08105dfa364d0a2fa619dfa71014af5"

[[projects]]
  branch = "master"
  name = "github.com/jeromer/syslogparser"
  packages = ["."]
  revision = "0e4ae46ea3f08de351074b643d649d5d00661a3c"

[[projects]]
  name = "github.com/jmespath/go-jmespath"
  packages = ["."]
  revision = "0b12d6b5"

[[projects]]
  name = "github.com/pmezard/go-difflib"
  packages = ["difflib"]
  revision = "792786c7400a136282c1664665ae0a8db921c6c2"
  version = "v1.0.0"

[[projects]]
  name = "github.com/stretchr/testify"
  packages = ["assert"]
  revision = "12b6f73e6084dad08a7c6e575284b177ecafbc71"
  version = "v1.2.1"

[[projects]]
  branch = "master"
  name = "github.com/xeipuuv/gojsonpointer"
  packages = ["."]
  revision = "4e3ac2762d5f479393488629ee9370b50873b3a6"

[[projects]]
  branch = "master"
  name = "github.com/xeipuuv/gojsonreference"
  packages = ["."]
  revision = "bd5ef7bd5415a7ac448318e64f11a24cd21e594b"

[[projects]]
  branch = "master"
  name = "github.com/xeipuuv/gojsonschema"
  packages = ["."]
  revision = "2c8e4be869c17540b336bab0ea18b8d73e6a28b7"

[[projects]]
  branch = "master"
  name = "golang.org/x/net"
  packages = ["context"]
  revision = "2491c5de3490fced2f6cff376127c667efeed857"

[[projects]]
  branch = "master"
  name = "golang.org/x/time"
  packages = ["rate"]
  revision = "fbb02b2291d28baffd63558aa44b4b56f178d650"

[[projects]]
  name = "gopkg.in/Clever/kayvee-go.v6"
  packages = [
    ".",
    "logger",
    "router"
  ]
  revision = "77f05943b48b0cb82c705ec9e40bed66e7cf79c1"
  version = "v6.12.0"

[[projects]]
  name = "gopkg.in/yaml.v2"
  packages = ["."]
  revision = "51d6538a90f86fe93ac480b35f37b2be17fef232"
  version = "v2.2.2"

[solve-meta]
  analyzer-name = "dep"
  analyzer-version = 1
  inputs-digest = "85c981b39abbea16c29030439485913b965e0c86e3b90618ccc2294d544f994a"
  solver-name = "gps-cdcl"
  solver-version = 1
