# This file is autogenerated, do not edit; changes may be undone by the next 'dep ensure'.


[[projects]]
  branch = "master"
  digest = "1:155affd6cb6eb499697b196bd7e6abf8c1926069e39945a2d01f7a0def51d9ce"
  name = "github.com/Clever/amazon-kinesis-client-go"
  packages = [
    "batchconsumer",
    "batchconsumer/stats",
    "decode",
    "kcl",
    "splitter",
  ]
  pruneopts = ""
  revision = "ebd1e0e39c74eec30edbe816df782465d29e9852"

[[projects]]
  branch = "master"
  digest = "1:8b02380580838bb27fd272f09a467b29351cc2af18e54ee8497118b91cc8aed4"
  name = "github.com/Clever/syslogparser"
  packages = ["rfc3164"]
  pruneopts = ""
  revision = "fb28ad3e4340c046323b7beba685a72fd12ecbe8"

[[projects]]
  digest = "1:fd0d40e04c2665194c566b09749e8140ed87ade6754775f5f5cce598efcc90c5"
  name = "github.com/aws/aws-sdk-go"
  packages = [
    "aws",
    "aws/awserr",
    "aws/awsutil",
    "aws/client",
    "aws/client/metadata",
    "aws/corehandlers",
    "aws/credentials",
    "aws/credentials/ec2rolecreds",
    "aws/credentials/endpointcreds",
    "aws/credentials/processcreds",
    "aws/credentials/stscreds",
    "aws/csm",
    "aws/defaults",
    "aws/ec2metadata",
    "aws/endpoints",
    "aws/request",
    "aws/session",
    "aws/signer/v4",
    "internal/context",
    "internal/ini",
    "internal/sdkio",
    "internal/sdkmath",
    "internal/sdkrand",
    "internal/sdkuri",
    "internal/shareddefaults",
    "internal/strings",
    "internal/sync/singleflight",
    "private/protocol",
    "private/protocol/json/jsonutil",
    "private/protocol/jsonrpc",
    "private/protocol/query",
    "private/protocol/query/queryutil",
    "private/protocol/rest",
    "private/protocol/xml/xmlutil",
    "service/firehose",
    "service/firehose/firehoseiface",
    "service/sts",
    "service/sts/stsiface",
  ]
  pruneopts = ""
  revision = "4b7d14cb381fa58ab717f58f031911a8cf78bd6e"
  version = "v1.33.14"

[[projects]]
  digest = "1:56c130d885a4aacae1dd9c7b71cfe39912c7ebc1ff7d2b46083c8812996dc43b"
  name = "github.com/davecgh/go-spew"
  packages = ["spew"]
  pruneopts = ""
  revision = "346938d642f2ec3594ed81d874461961cd0faa76"
  version = "v1.1.0"

[[projects]]
  digest = "1:f6d8770900622a855dbeda0aaefb536ad97bc30315e6647a02c4e2044f4a858f"
  name = "github.com/go-ini/ini"
  packages = ["."]
  pruneopts = ""
  revision = "6529cf7c58879c08d927016dde4477f18a0634cb"
  version = "v1.36.0"

[[projects]]
  branch = "master"
  digest = "1:4cd0581c6d51e68f2fcac11102185859e28dab2bf35b4698a8b472d10fa8b696"
  name = "github.com/golang/mock"
  packages = [
    "gomock",
    "mockgen",
    "mockgen/model",
  ]
  pruneopts = ""
  revision = "11d9cab23e050dd7d3d6a595ca84348ffdb5add0"

[[projects]]
  branch = "master"
  digest = "1:08e4168603de9afb3ae9135735d90f8b703e8c91a39ec75a6e535628e6eb97ce"
  name = "github.com/jeromer/syslogparser"
  packages = ["."]
  pruneopts = ""
  revision = "0e4ae46ea3f08de351074b643d649d5d00661a3c"

[[projects]]
  digest = "1:13fe471d0ed891e8544eddfeeb0471fd3c9f2015609a1c000aefdedf52a19d40"
  name = "github.com/jmespath/go-jmespath"
  packages = ["."]
  pruneopts = ""
  revision = "c2b33e84"

[[projects]]
  digest = "1:256484dbbcd271f9ecebc6795b2df8cad4c458dd0f5fd82a8c2fa0c29f233411"
  name = "github.com/pmezard/go-difflib"
  packages = ["difflib"]
  pruneopts = ""
  revision = "792786c7400a136282c1664665ae0a8db921c6c2"
  version = "v1.0.0"

[[projects]]
  digest = "1:83fd2513b9f6ae0997bf646db6b74e9e00131e31002116fda597175f25add42d"
  name = "github.com/stretchr/testify"
  packages = ["assert"]
  pruneopts = ""
  revision = "f654a9112bbeac49ca2cd45bfbe11533c4666cf8"
  version = "v1.6.1"

[[projects]]
  branch = "master"
  digest = "1:e6338f2518362ff701a556bd76afd90a2168d1c658ec5d1ea1e9c5ef30a7d157"
  name = "github.com/xeipuuv/gojsonpointer"
  packages = ["."]
  pruneopts = ""
  revision = "4e3ac2762d5f479393488629ee9370b50873b3a6"

[[projects]]
  branch = "master"
  digest = "1:604f98a38394d2805a78c462396a4992b93fdd5b7306130add330f1a99ac6b0a"
  name = "github.com/xeipuuv/gojsonreference"
  packages = ["."]
  pruneopts = ""
  revision = "bd5ef7bd5415a7ac448318e64f11a24cd21e594b"

[[projects]]
  branch = "master"
  digest = "1:320e22e49019b299201321345e6e54a060c243c108567bb432a4f51b9171dad9"
  name = "github.com/xeipuuv/gojsonschema"
  packages = ["."]
  pruneopts = ""
  revision = "2c8e4be869c17540b336bab0ea18b8d73e6a28b7"

[[projects]]
  digest = "1:ba49944a3238ae8f163c85b6d01d2db51cd5b09807105a3cfaacbd414744ca82"
  name = "golang.org/x/mod"
  packages = [
    "internal/lazyregexp",
    "modfile",
    "module",
    "semver",
  ]
  pruneopts = ""
  revision = "859b3ef565e237f9f1a0fb6b55385c497545680d"
  version = "v0.3.0"

[[projects]]
  branch = "master"
  digest = "1:9e548233d0dc00e74be262e54a9d1bbe7e4c19e5951083520261740e37daeb02"
  name = "golang.org/x/net"
  packages = ["context"]
  pruneopts = ""
  revision = "2491c5de3490fced2f6cff376127c667efeed857"

[[projects]]
  branch = "master"
  digest = "1:55a681cb66f28755765fa5fa5104cbd8dc85c55c02d206f9f89566451e3fe1aa"
  name = "golang.org/x/time"
  packages = ["rate"]
  pruneopts = ""
  revision = "fbb02b2291d28baffd63558aa44b4b56f178d650"

[[projects]]
  branch = "master"
  digest = "1:794ec1041d519b4b0f9b2e1c94ae9500c39bf94c38ab83925236fe535b035f1f"
  name = "golang.org/x/tools"
  packages = [
    "go/ast/astutil",
    "imports",
    "internal/event",
    "internal/event/core",
    "internal/event/keys",
    "internal/event/label",
    "internal/fastwalk",
    "internal/gocommand",
    "internal/gopathwalk",
    "internal/imports",
  ]
  pruneopts = ""
  revision = "b5fad4ed8dd65a3d7aae567b1f4e751b8ca72837"

[[projects]]
  branch = "master"
  digest = "1:9d4ac09a835404ae9306c6e1493cf800ecbb0f3f828f4333b3e055de4c962eea"
  name = "golang.org/x/xerrors"
  packages = [
    ".",
    "internal",
  ]
  pruneopts = ""
  revision = "9bdfabe68543c54f90421aeb9a60ef8061b5b544"

[[projects]]
  digest = "1:c0e459576189f205788b83cce78feb1eb3e8a07f10b7d84cb4ba7855734ed6cb"
  name = "gopkg.in/Clever/kayvee-go.v6"
  packages = [
    ".",
    "logger",
    "router",
  ]
  pruneopts = ""
  revision = "08ee0456210a1eedbe9790402011831f42e2a5b0"
  version = "v6.23.0"

[[projects]]
  branch = "v2"
  digest = "1:60ccede33d50c82c86e907255319a6f40dca4ac395e5ee143638176d3b871069"
  name = "gopkg.in/yaml.v2"
  packages = ["."]
  pruneopts = ""
  revision = "7b8349ac747c6a24702b762d2c4fd9266cf4f1d6"

[[projects]]
  branch = "v3"
  digest = "1:2e9c4d6def1d36dcd17730e00c06b49a2e97ea5e1e639bcd24fa60fa43e33ad6"
  name = "gopkg.in/yaml.v3"
  packages = ["."]
  pruneopts = ""
  revision = "eeeca48fe7764f320e4870d231902bf9c1be2c08"

[solve-meta]
  analyzer-name = "dep"
  analyzer-version = 1
  input-imports = [
    "github.com/Clever/amazon-kinesis-client-go/batchconsumer",
    "github.com/Clever/amazon-kinesis-client-go/batchconsumer/stats",
    "github.com/Clever/amazon-kinesis-client-go/decode",
    "github.com/Clever/amazon-kinesis-client-go/kcl",
    "github.com/Clever/amazon-kinesis-client-go/splitter",
    "github.com/Clever/syslogparser/rfc3164",
    "github.com/aws/aws-sdk-go/aws",
    "github.com/aws/aws-sdk-go/aws/awserr",
    "github.com/aws/aws-sdk-go/aws/awsutil",
    "github.com/aws/aws-sdk-go/aws/client",
    "github.com/aws/aws-sdk-go/aws/client/metadata",
    "github.com/aws/aws-sdk-go/aws/corehandlers",
    "github.com/aws/aws-sdk-go/aws/credentials",
    "github.com/aws/aws-sdk-go/aws/credentials/ec2rolecreds",
    "github.com/aws/aws-sdk-go/aws/credentials/endpointcreds",
    "github.com/aws/aws-sdk-go/aws/credentials/stscreds",
    "github.com/aws/aws-sdk-go/aws/defaults",
    "github.com/aws/aws-sdk-go/aws/ec2metadata",
    "github.com/aws/aws-sdk-go/aws/endpoints",
    "github.com/aws/aws-sdk-go/aws/request",
    "github.com/aws/aws-sdk-go/aws/session",
    "github.com/aws/aws-sdk-go/aws/signer/v4",
    "github.com/aws/aws-sdk-go/private/protocol",
    "github.com/aws/aws-sdk-go/private/protocol/json/jsonutil",
    "github.com/aws/aws-sdk-go/private/protocol/jsonrpc",
    "github.com/aws/aws-sdk-go/private/protocol/query",
    "github.com/aws/aws-sdk-go/private/protocol/query/queryutil",
    "github.com/aws/aws-sdk-go/private/protocol/rest",
    "github.com/aws/aws-sdk-go/private/protocol/xml/xmlutil",
    "github.com/aws/aws-sdk-go/service/firehose",
    "github.com/aws/aws-sdk-go/service/firehose/firehoseiface",
    "github.com/aws/aws-sdk-go/service/sts",
    "github.com/davecgh/go-spew/spew",
    "github.com/go-ini/ini",
    "github.com/golang/mock/gomock",
    "github.com/golang/mock/mockgen",
    "github.com/golang/mock/mockgen/model",
    "github.com/jeromer/syslogparser",
    "github.com/jmespath/go-jmespath",
    "github.com/pmezard/go-difflib/difflib",
    "github.com/stretchr/testify/assert",
    "github.com/xeipuuv/gojsonpointer",
    "github.com/xeipuuv/gojsonreference",
    "github.com/xeipuuv/gojsonschema",
    "golang.org/x/net/context",
    "golang.org/x/time/rate",
    "gopkg.in/Clever/kayvee-go.v6",
    "gopkg.in/Clever/kayvee-go.v6/logger",
    "gopkg.in/Clever/kayvee-go.v6/router",
    "gopkg.in/yaml.v2",
  ]
  solver-name = "gps-cdcl"
  solver-version = 1
